
Microsoft Visual Studio Solution File, Format Version 12.00
# Visual Studio Version 17
VisualStudioVersion = 17.5.002.0
MinimumVisualStudioVersion = 10.0.40219.1
Project("{9A19103F-16F7-4668-BE54-9A1E7A4F7556}") = "TestProject", "TestProject\TestProject.csproj", "{0FA9BEC0-EF32-4016-92A2-36C553CD8B15}"
EndProject
Project("{9A19103F-16F7-4668-BE54-9A1E7A4F7556}") = "Starter", "GuidedProjectPets\Starter\Starter.csproj", "{BC8221C3-1C3C-4C18-9633-B1DEB50A519B}"
EndProject
Project("{FAE04EC0-301F-11D3-BF4B-00C04F79EFBC}") = "DataTypeProject", "DataTypeProject\DataTypeProject.csproj", "{E6412D04-7590-49CE-BFE6-651510F9C542}"
EndProject
Global
	GlobalSection(SolutionConfigurationPlatforms) = preSolution
		Debug|Any CPU = Debug|Any CPU
		Release|Any CPU = Release|Any CPU
	EndGlobalSection
	GlobalSection(ProjectConfigurationPlatforms) = postSolution
		{0FA9BEC0-EF32-4016-92A2-36C553CD8B15}.Debug|Any CPU.ActiveCfg = Debug|Any CPU
		{0FA9BEC0-EF32-4016-92A2-36C553CD8B15}.Debug|Any CPU.Build.0 = Debug|Any CPU
		{0FA9BEC0-EF32-4016-92A2-36C553CD8B15}.Release|Any CPU.ActiveCfg = Release|Any CPU
		{0FA9BEC0-EF32-4016-92A2-36C553CD8B15}.Release|Any CPU.Build.0 = Release|Any CPU
		{BC8221C3-1C3C-4C18-9633-B1DEB50A519B}.Debug|Any CPU.ActiveCfg = Debug|Any CPU
		{BC8221C3-1C3C-4C18-9633-B1DEB50A519B}.Debug|Any CPU.Build.0 = Debug|Any CPU
		{BC8221C3-1C3C-4C18-9633-B1DEB50A519B}.Release|Any CPU.ActiveCfg = Release|Any CPU
		{BC8221C3-1C3C-4C18-9633-B1DEB50A519B}.Release|Any CPU.Build.0 = Release|Any CPU
		{E6412D04-7590-49CE-BFE6-651510F9C542}.Debug|Any CPU.ActiveCfg = Debug|Any CPU
		{E6412D04-7590-49CE-BFE6-651510F9C542}.Debug|Any CPU.Build.0 = Debug|Any CPU
		{E6412D04-7590-49CE-BFE6-651510F9C542}.Release|Any CPU.ActiveCfg = Release|Any CPU
		{E6412D04-7590-49CE-BFE6-651510F9C542}.Release|Any CPU.Build.0 = Release|Any CPU
	EndGlobalSection
	GlobalSection(SolutionProperties) = preSolution
		HideSolutionNode = FALSE
	EndGlobalSection
	GlobalSection(ExtensibilityGlobals) = postSolution
		SolutionGuid = {E86FFA76-7104-4A70-A916-8C8A265B5D67}
	EndGlobalSection
EndGlobal
