
Microsoft Visual Studio Solution File, Format Version 12.00
# Visual Studio Version 17
VisualStudioVersion = 17.5.002.0
MinimumVisualStudioVersion = 10.0.40219.1
Project("{FAE04EC0-301F-11D3-BF4B-00C04F79EFBC}") = "StringGuidedProject", "StringGuidedProject\StringGuidedProject.csproj", "{FEA5C480-AB75-4366-B0B1-8203836E8190}"
EndProject
Global
	GlobalSection(SolutionConfigurationPlatforms) = preSolution
		Debug|Any CPU = Debug|Any CPU
		Release|Any CPU = Release|Any CPU
	EndGlobalSection
	GlobalSection(ProjectConfigurationPlatforms) = postSolution
		{FEA5C480-AB75-4366-B0B1-8203836E8190}.Debug|Any CPU.ActiveCfg = Debug|Any CPU
		{FEA5C480-AB75-4366-B0B1-8203836E8190}.Debug|Any CPU.Build.0 = Debug|Any CPU
		{FEA5C480-AB75-4366-B0B1-8203836E8190}.Release|Any CPU.ActiveCfg = Release|Any CPU
		{FEA5C480-AB75-4366-B0B1-8203836E8190}.Release|Any CPU.Build.0 = Release|Any CPU
	EndGlobalSection
	GlobalSection(SolutionProperties) = preSolution
		HideSolutionNode = FALSE
	EndGlobalSection
	GlobalSection(ExtensibilityGlobals) = postSolution
		SolutionGuid = {E86FFA76-7104-4A70-A916-8C8A265B5D67}
	EndGlobalSection
EndGlobal
